
Microsoft Visual Studio Solution File, Format Version 12.00
# Visual Studio Version 17
VisualStudioVersion = 17.9.34728.123
MinimumVisualStudioVersion = 10.0.40219.1
Project("{FAE04EC0-301F-11D3-BF4B-00C04F79EFBC}") = "NotificationProgect", "NotificationProgect\NotificationProgect.csproj", "{95380A70-C355-439A-BF05-6EDA99EF24AF}"
EndProject
Global
	GlobalSection(SolutionConfigurationPlatforms) = preSolution
		Debug|Any CPU = Debug|Any CPU
		Release|Any CPU = Release|Any CPU
	EndGlobalSection
	GlobalSection(ProjectConfigurationPlatforms) = postSolution
		{95380A70-C355-439A-BF05-6EDA99EF24AF}.Debug|Any CPU.ActiveCfg = Debug|Any CPU
		{95380A70-C355-439A-BF05-6EDA99EF24AF}.Debug|Any CPU.Build.0 = Debug|Any CPU
		{95380A70-C355-439A-BF05-6EDA99EF24AF}.Release|Any CPU.ActiveCfg = Release|Any CPU
		{95380A70-C355-439A-BF05-6EDA99EF24AF}.Release|Any CPU.Build.0 = Release|Any CPU
	EndGlobalSection
	GlobalSection(SolutionProperties) = preSolution
		HideSolutionNode = FALSE
	EndGlobalSection
	GlobalSection(ExtensibilityGlobals) = postSolution
		SolutionGuid = {5E63709B-4CDC-4C8F-9547-B6F9AB5FCA65}
	EndGlobalSection
EndGlobal
